
Microsoft Visual Studio Solution File, Format Version 12.00
# Visual Studio Version 17
VisualStudioVersion = 17.3.32922.545
MinimumVisualStudioVersion = 10.0.40219.1
Project("{8BC9CEB8-8B4A-11D0-8D11-00A0C91BC942}") = "lab6_02", "lab6_02.vcxproj", "{CDA63CE4-793F-4468-89C9-0B3379B5282D}"
EndProject
Global
	GlobalSection(SolutionConfigurationPlatforms) = preSolution
		Debug|x64 = Debug|x64
		Debug|x86 = Debug|x86
		Release|x64 = Release|x64
		Release|x86 = Release|x86
	EndGlobalSection
	GlobalSection(ProjectConfigurationPlatforms) = postSolution
		{CDA63CE4-793F-4468-89C9-0B3379B5282D}.Debug|x64.ActiveCfg = Debug|x64
		{CDA63CE4-793F-4468-89C9-0B3379B5282D}.Debug|x64.Build.0 = Debug|x64
		{CDA63CE4-793F-4468-89C9-0B3379B5282D}.Debug|x86.ActiveCfg = Debug|Win32
		{CDA63CE4-793F-4468-89C9-0B3379B5282D}.Debug|x86.Build.0 = Debug|Win32
		{CDA63CE4-793F-4468-89C9-0B3379B5282D}.Release|x64.ActiveCfg = Release|x64
		{CDA63CE4-793F-4468-89C9-0B3379B5282D}.Release|x64.Build.0 = Release|x64
		{CDA63CE4-793F-4468-89C9-0B3379B5282D}.Release|x86.ActiveCfg = Release|Win32
		{CDA63CE4-793F-4468-89C9-0B3379B5282D}.Release|x86.Build.0 = Release|Win32
	EndGlobalSection
	GlobalSection(SolutionProperties) = preSolution
		HideSolutionNode = FALSE
	EndGlobalSection
	GlobalSection(ExtensibilityGlobals) = postSolution
		SolutionGuid = {25A7CB29-A0E1-402B-A78F-65AAE4F0DB6E}
	EndGlobalSection
EndGlobal
